
Microsoft Visual Studio Solution File, Format Version 12.00
# Visual Studio Version 16
VisualStudioVersion = 16.0.30523.141
MinimumVisualStudioVersion = 10.0.40219.1
Project("{FAE04EC0-301F-11D3-BF4B-00C04F79EFBC}") = "Data-IE", "Data-IE\Data-IE.csproj", "{70CE20E8-2670-4880-801A-A934AB2D73E7}"
EndProject
Global
	GlobalSection(SolutionConfigurationPlatforms) = preSolution
		Debug|Any CPU = Debug|Any CPU
		Release|Any CPU = Release|Any CPU
	EndGlobalSection
	GlobalSection(ProjectConfigurationPlatforms) = postSolution
		{70CE20E8-2670-4880-801A-A934AB2D73E7}.Debug|Any CPU.ActiveCfg = Debug|Any CPU
		{70CE20E8-2670-4880-801A-A934AB2D73E7}.Debug|Any CPU.Build.0 = Debug|Any CPU
		{70CE20E8-2670-4880-801A-A934AB2D73E7}.Release|Any CPU.ActiveCfg = Release|Any CPU
		{70CE20E8-2670-4880-801A-A934AB2D73E7}.Release|Any CPU.Build.0 = Release|Any CPU
	EndGlobalSection
	GlobalSection(SolutionProperties) = preSolution
		HideSolutionNode = FALSE
	EndGlobalSection
	GlobalSection(ExtensibilityGlobals) = postSolution
		SolutionGuid = {7FB4387A-C893-4925-A8F7-84E40C1955CC}
	EndGlobalSection
EndGlobal
